// !$*UTF8*$!
{
	archiveVersion = 1;
	classes = {
	};
	objectVersion = 46;
	objects = {

/* Begin PBXBuildFile section */
		105B7D251D178E0A0049BAC2 /* Town.swift in Sources */ = {isa = PBXBuildFile; fileRef = 105B7D241D178E0A0049BAC2 /* Town.swift */; };
		105B7D271D1790020049BAC2 /* Monster.swift in Sources */ = {isa = PBXBuildFile; fileRef = 105B7D261D1790020049BAC2 /* Monster.swift */; };
		105B7D291D17926A0049BAC2 /* Zombie.swift in Sources */ = {isa = PBXBuildFile; fileRef = 105B7D281D17926A0049BAC2 /* Zombie.swift */; };
		10770DEC1D17BDF200CB52D2 /* Vampire.swift in Sources */ = {isa = PBXBuildFile; fileRef = 10770DEB1D17BDF200CB52D2 /* Vampire.swift */; };
		10A5F96F1D0FBC8B00CE6C43 /* main.swift in Sources */ = {isa = PBXBuildFile; fileRef = 10A5F96E1D0FBC8B00CE6C43 /* main.swift */; };
/* End PBXBuildFile section */

/* Begin PBXCopyFilesBuildPhase section */
		10A5F9691D0FBC8B00CE6C43 /* CopyFiles */ = {
			isa = PBXCopyFilesBuildPhase;
			buildActionMask = 2147483647;
			dstPath = /usr/share/man/man1/;
			dstSubfolderSpec = 0;
			files = (
			);
			runOnlyForDeploymentPostprocessing = 1;
		};
/* End PBXCopyFilesBuildPhase section */

/* Begin PBXFileReference section */
		105B7D241D178E0A0049BAC2 /* Town.swift */ = {isa = PBXFileReference; fileEncoding = 4; lastKnownFileType = sourcecode.swift; path = Town.swift; sourceTree = "<group>"; };
		105B7D261D1790020049BAC2 /* Monster.swift */ = {isa = PBXFileReference; fileEncoding = 4; lastKnownFileType = sourcecode.swift; path = Monster.swift; sourceTree = "<group>"; };
		105B7D281D17926A0049BAC2 /* Zombie.swift */ = {isa = PBXFileReference; fileEncoding = 4; lastKnownFileType = sourcecode.swift; path = Zombie.swift; sourceTree = "<group>"; };
		10770DEB1D17BDF200CB52D2 /* Vampire.swift */ = {isa = PBXFileReference; fileEncoding = 4; lastKnownFileType = sourcecode.swift; path = Vampire.swift; sourceTree = "<group>"; };
		10A5F96B1D0FBC8B00CE6C43 /* MonsterTown */ = {isa = PBXFileReference; explicitFileType = "compiled.mach-o.executable"; includeInIndex = 0; path = MonsterTown; sourceTree = BUILT_PRODUCTS_DIR; };
		10A5F96E1D0FBC8B00CE6C43 /* main.swift */ = {isa = PBXFileReference; lastKnownFileType = sourcecode.swift; path = main.swift; sourceTree = "<group>"; };
/* End PBXFileReference section */

/* Begin PBXFrameworksBuildPhase section */
		10A5F9681D0FBC8B00CE6C43 /* Frameworks */ = {
			isa = PBXFrameworksBuildPhase;
			buildActionMask = 2147483647;
			files = (
			);
			runOnlyForDeploymentPostprocessing = 0;
		};
/* End PBXFrameworksBuildPhase section */

/* Begin PBXGroup section */
		10A5F9621D0FBC8B00CE6C43 = {
			isa = PBXGroup;
			children = (
				10A5F96D1D0FBC8B00CE6C43 /* MonsterTown */,
				10A5F96C1D0FBC8B00CE6C43 /* Products */,
			);
			sourceTree = "<group>";
		};
		10A5F96C1D0FBC8B00CE6C43 /* Products */ = {
			isa = PBXGroup;
			children = (
				10A5F96B1D0FBC8B00CE6C43 /* MonsterTown */,
			);
			name = Products;
			sourceTree = "<group>";
		};
		10A5F96D1D0FBC8B00CE6C43 /* MonsterTown */ = {
			isa = PBXGroup;
			children = (
				10A5F96E1D0FBC8B00CE6C43 /* main.swift */,
				105B7D241D178E0A0049BAC2 /* Town.swift */,
				105B7D261D1790020049BAC2 /* Monster.swift */,
				105B7D281D17926A0049BAC2 /* Zombie.swift */,
				10770DEB1D17BDF200CB52D2 /* Vampire.swift */,
			);
			path = MonsterTown;
			sourceTree = "<group>";
		};
/* End PBXGroup section */

/* Begin PBXNativeTarget section */
		10A5F96A1D0FBC8B00CE6C43 /* MonsterTown */ = {
			isa = PBXNativeTarget;
			buildConfigurationList = 10A5F9721D0FBC8B00CE6C43 /* Build configuration list for PBXNativeTarget "MonsterTown" */;
			buildPhases = (
				10A5F9671D0FBC8B00CE6C43 /* Sources */,
				10A5F9681D0FBC8B00CE6C43 /* Frameworks */,
				10A5F9691D0FBC8B00CE6C43 /* CopyFiles */,
			);
			buildRules = (
			);
			dependencies = (
			);
			name = MonsterTown;
			productName = MonsterTown;
			productReference = 10A5F96B1D0FBC8B00CE6C43 /* MonsterTown */;
			productType = "com.apple.product-type.tool";
		};
/* End PBXNativeTarget section */

/* Begin PBXProject section */
		10A5F9631D0FBC8B00CE6C43 /* Project object */ = {
			isa = PBXProject;
			attributes = {
				LastSwiftUpdateCheck = 0730;
				LastUpgradeCheck = 0730;
				ORGANIZATIONNAME = nkroji;
				TargetAttributes = {
					10A5F96A1D0FBC8B00CE6C43 = {
						CreatedOnToolsVersion = 7.3.1;
					};
				};
			};
			buildConfigurationList = 10A5F9661D0FBC8B00CE6C43 /* Build configuration list for PBXProject "MonsterTown" */;
			compatibilityVersion = "Xcode 3.2";
			developmentRegion = English;
			hasScannedForEncodings = 0;
			knownRegions = (
				en,
			);
			mainGroup = 10A5F9621D0FBC8B00CE6C43;
			productRefGroup = 10A5F96C1D0FBC8B00CE6C43 /* Products */;
			projectDirPath = "";
			projectRoot = "";
			targets = (
				10A5F96A1D0FBC8B00CE6C43 /* MonsterTown */,
			);
		};
/* End PBXProject section */

/* Begin PBXSourcesBuildPhase section */
		10A5F9671D0FBC8B00CE6C43 /* Sources */ = {
			isa = PBXSourcesBuildPhase;
			buildActionMask = 2147483647;
			files = (
				10A5F96F1D0FBC8B00CE6C43 /* main.swift in Sources */,
				105B7D291D17926A0049BAC2 /* Zombie.swift in Sources */,
				105B7D271D1790020049BAC2 /* Monster.swift in Sources */,
				10770DEC1D17BDF200CB52D2 /* Vampire.swift in Sources */,
				105B7D251D178E0A0049BAC2 /* Town.swift in Sources */,
			);
			runOnlyForDeploymentPostprocessing = 0;
		};
/* End PBXSourcesBuildPhase section */

/* Begin XCBuildConfiguration section */
		10A5F9701D0FBC8B00CE6C43 /* Debug */ = {
			isa = XCBuildConfiguration;
			buildSettings = {
				ALWAYS_SEARCH_USER_PATHS = NO;
				CLANG_ANALYZER_NONNULL = YES;
				CLANG_CXX_LANGUAGE_STANDARD = "gnu++0x";
				CLANG_CXX_LIBRARY = "libc++";
				CLANG_ENABLE_MODULES = YES;
				CLANG_ENABLE_OBJC_ARC = YES;
				CLANG_WARN_BOOL_CONVERSION = YES;
				CLANG_WARN_CONSTANT_CONVERSION = YES;
				CLANG_WARN_DIRECT_OBJC_ISA_USAGE = YES_ERROR;
				CLANG_WARN_EMPTY_BODY = YES;
				CLANG_WARN_ENUM_CONVERSION = YES;
				CLANG_WARN_INT_CONVERSION = YES;
				CLANG_WARN_OBJC_ROOT_CLASS = YES_ERROR;
				CLANG_WARN_UNREACHABLE_CODE = YES;
				CLANG_WARN__DUPLICATE_METHOD_MATCH = YES;
				CODE_SIGN_IDENTITY = "-";
				COPY_PHASE_STRIP = NO;
				DEBUG_INFORMATION_FORMAT = dwarf;
				ENABLE_STRICT_OBJC_MSGSEND = YES;
				ENABLE_TESTABILITY = YES;
				GCC_C_LANGUAGE_STANDARD = gnu99;
				GCC_DYNAMIC_NO_PIC = NO;
				GCC_NO_COMMON_BLOCKS = YES;
				GCC_OPTIMIZATION_LEVEL = 0;
				GCC_PREPROCESSOR_DEFINITIONS = (
					"DEBUG=1",
					"$(inherited)",
				);
				GCC_WARN_64_TO_32_BIT_CONVERSION = YES;
				GCC_WARN_ABOUT_RETURN_TYPE = YES_ERROR;
				GCC_WARN_UNDECLARED_SELECTOR = YES;
				GCC_WARN_UNINITIALIZED_AUTOS = YES_AGGRESSIVE;
				GCC_WARN_UNUSED_FUNCTION = YES;
				GCC_WARN_UNUSED_VARIABLE = YES;
				MACOSX_DEPLOYMENT_TARGET = 10.11;
				MTL_ENABLE_DEBUG_INFO = YES;
				ONLY_ACTIVE_ARCH = YES;
				SDKROOT = macosx;
				SWIFT_OPTIMIZATION_LEVEL = "-Onone";
			};
			name = Debug;
		};
		10A5F9711D0FBC8B00CE6C43 /* Release */ = {
			isa = XCBuildConfiguration;
			buildSettings = {
				ALWAYS_SEARCH_USER_PATHS = NO;
				CLANG_ANALYZER_NONNULL = YES;
				CLANG_CXX_LANGUAGE_STANDARD = "gnu++0x";
				CLANG_CXX_LIBRARY = "libc++";
				CLANG_ENABLE_MODULES = YES;
				CLANG_ENABLE_OBJC_ARC = YES;
				CLANG_WARN_BOOL_CONVERSION = YES;
				CLANG_WARN_CONSTANT_CONVERSION = YES;
				CLANG_WARN_DIRECT_OBJC_ISA_USAGE = YES_ERROR;
				CLANG_WARN_EMPTY_BODY = YES;
				CLANG_WARN_ENUM_CONVERSION = YES;
				CLANG_WARN_INT_CONVERSION = YES;
				CLANG_WARN_OBJC_ROOT_CLASS = YES_ERROR;
				CLANG_WARN_UNREACHABLE_CODE = YES;
				CLANG_WARN__DUPLICATE_METHOD_MATCH = YES;
				CODE_SIGN_IDENTITY = "-";
				COPY_PHASE_STRIP = NO;
				DEBUG_INFORMATION_FORMAT = "dwarf-with-dsym";
				ENABLE_NS_ASSERTIONS = NO;
				ENABLE_STRICT_OBJC_MSGSEND = YES;
				GCC_C_LANGUAGE_STANDARD = gnu99;
				GCC_NO_COMMON_BLOCKS = YES;
				GCC_WARN_64_TO_32_BIT_CONVERSION = YES;
				GCC_WARN_ABOUT_RETURN_TYPE = YES_ERROR;
				GCC_WARN_UNDECLARED_SELECTOR = YES;
				GCC_WARN_UNINITIALIZED_AUTOS = YES_AGGRESSIVE;
				GCC_WARN_UNUSED_FUNCTION = YES;
				GCC_WARN_UNUSED_VARIABLE = YES;
				MACOSX_DEPLOYMENT_TARGET = 10.11;
				MTL_ENABLE_DEBUG_INFO = NO;
				SDKROOT = macosx;
			};
			name = Release;
		};
		10A5F9731D0FBC8B00CE6C43 /* Debug */ = {
			isa = XCBuildConfiguration;
			buildSettings = {
				PRODUCT_NAME = "$(TARGET_NAME)";
			};
			name = Debug;
		};
		10A5F9741D0FBC8B00CE6C43 /* Release */ = {
			isa = XCBuildConfiguration;
			buildSettings = {
				PRODUCT_NAME = "$(TARGET_NAME)";
			};
			name = Release;
		};
/* End XCBuildConfiguration section */

/* Begin XCConfigurationList section */
		10A5F9661D0FBC8B00CE6C43 /* Build configuration list for PBXProject "MonsterTown" */ = {
			isa = XCConfigurationList;
			buildConfigurations = (
				10A5F9701D0FBC8B00CE6C43 /* Debug */,
				10A5F9711D0FBC8B00CE6C43 /* Release */,
			);
			defaultConfigurationIsVisible = 0;
			defaultConfigurationName = Release;
		};
		10A5F9721D0FBC8B00CE6C43 /* Build configuration list for PBXNativeTarget "MonsterTown" */ = {
			isa = XCConfigurationList;
			buildConfigurations = (
				10A5F9731D0FBC8B00CE6C43 /* Debug */,
				10A5F9741D0FBC8B00CE6C43 /* Release */,
			);
			defaultConfigurationIsVisible = 0;
			defaultConfigurationName = Release;
		};
/* End XCConfigurationList section */
	};
	rootObject = 10A5F9631D0FBC8B00CE6C43 /* Project object */;
}
